
Microsoft Visual Studio Solution File, Format Version 12.00
# Visual Studio 15
VisualStudioVersion = 15.0.27130.0
MinimumVisualStudioVersion = 10.0.40219.1
Project("{9A19103F-16F7-4668-BE54-9A1E7A4F7556}") = "StigsUtilsLib", "StigsUtilsLib\StigsUtilsLib.csproj", "{40F11E49-DF22-445C-AB86-81EA6A965F10}"
EndProject
Project("{2150E333-8FDC-42A3-9474-1A3956D46DE8}") = "Solution Items", "Solution Items", "{D0DB87FF-AB51-4401-A263-F9DA83A3C0E7}"
	ProjectSection(SolutionItems) = preProject
		.gitattributes = .gitattributes
		.gitignore = .gitignore
		LICENSE.txt = LICENSE.txt
		README.md = README.md
		StigsUtilsLib.sln.DotSettings = StigsUtilsLib.sln.DotSettings
	EndProjectSection
EndProject
Project("{9A19103F-16F7-4668-BE54-9A1E7A4F7556}") = "StigsUtilsLib.Tests", "StigsUtilsLib.Tests\StigsUtilsLib.Tests.csproj", "{840A3B15-2712-4701-8DBC-424DF7F9AC50}"
EndProject
Global
	GlobalSection(SolutionConfigurationPlatforms) = preSolution
		Debug|Any CPU = Debug|Any CPU
		Release|Any CPU = Release|Any CPU
	EndGlobalSection
	GlobalSection(ProjectConfigurationPlatforms) = postSolution
		{40F11E49-DF22-445C-AB86-81EA6A965F10}.Debug|Any CPU.ActiveCfg = Debug|Any CPU
		{40F11E49-DF22-445C-AB86-81EA6A965F10}.Debug|Any CPU.Build.0 = Debug|Any CPU
		{40F11E49-DF22-445C-AB86-81EA6A965F10}.Release|Any CPU.ActiveCfg = Release|Any CPU
		{40F11E49-DF22-445C-AB86-81EA6A965F10}.Release|Any CPU.Build.0 = Release|Any CPU
		{840A3B15-2712-4701-8DBC-424DF7F9AC50}.Debug|Any CPU.ActiveCfg = Debug|Any CPU
		{840A3B15-2712-4701-8DBC-424DF7F9AC50}.Debug|Any CPU.Build.0 = Debug|Any CPU
		{840A3B15-2712-4701-8DBC-424DF7F9AC50}.Release|Any CPU.ActiveCfg = Release|Any CPU
		{840A3B15-2712-4701-8DBC-424DF7F9AC50}.Release|Any CPU.Build.0 = Release|Any CPU
	EndGlobalSection
	GlobalSection(SolutionProperties) = preSolution
		HideSolutionNode = FALSE
	EndGlobalSection
	GlobalSection(ExtensibilityGlobals) = postSolution
		SolutionGuid = {E274A5DF-668B-406D-B33A-F9F0F722D5B0}
	EndGlobalSection
EndGlobal
